// !$*UTF8*$!
{
	archiveVersion = 1;
	classes = {
	};
	objectVersion = 51;
	objects = {

/* Begin PBXBuildFile section */
		6948EB61397976A0798B86B4 /* Pods_BS_Shop.framework in Frameworks */ = {isa = PBXBuildFile; fileRef = E262BF4E50082CB265CBA979 /* Pods_BS_Shop.framework */; };
		B104FECD23F2993B00CA4C36 /* SizeVC.swift in Sources */ = {isa = PBXBuildFile; fileRef = B104FECC23F2993B00CA4C36 /* SizeVC.swift */; };
		B104FECF23F2995B00CA4C36 /* SizeTableVCell.swift in Sources */ = {isa = PBXBuildFile; fileRef = B104FECE23F2995B00CA4C36 /* SizeTableVCell.swift */; };
		B139628F23F560DC00CE6280 /* CartData.swift in Sources */ = {isa = PBXBuildFile; fileRef = B139628E23F560DC00CE6280 /* CartData.swift */; };
		B139629123F57C7200CE6280 /* Pods_BS_Shop.framework in Embed Frameworks */ = {isa = PBXBuildFile; fileRef = 451A6CFECD06A14F0E7A3270 /* Pods_BS_Shop.framework */; settings = {ATTRIBUTES = (CodeSignOnCopy, RemoveHeadersOnCopy, ); }; };
		B14BCF9223ED4A6500C5BC32 /* ProductCartVC.swift in Sources */ = {isa = PBXBuildFile; fileRef = B14BCF9123ED4A6500C5BC32 /* ProductCartVC.swift */; };
		B14BCF9423ED4AA100C5BC32 /* ProductCartCell.swift in Sources */ = {isa = PBXBuildFile; fileRef = B14BCF9323ED4AA100C5BC32 /* ProductCartCell.swift */; };
		B151D94F23F5473D002D4441 /* CartTableVCell.swift in Sources */ = {isa = PBXBuildFile; fileRef = B151D94E23F5473D002D4441 /* CartTableVCell.swift */; };
		B151D95123F54752002D4441 /* CartVC.swift in Sources */ = {isa = PBXBuildFile; fileRef = B151D95023F54752002D4441 /* CartVC.swift */; };
		B160FC6E23E713CA00BC3DEC /* ProductDataModel.swift in Sources */ = {isa = PBXBuildFile; fileRef = B160FC6D23E713CA00BC3DEC /* ProductDataModel.swift */; };
		B16DF08F23FA718400D14AF7 /* NetworkManager.swift in Sources */ = {isa = PBXBuildFile; fileRef = B16DF08E23FA718400D14AF7 /* NetworkManager.swift */; };
		B17E0EEB23E4472E00347FC6 /* AppDelegate.swift in Sources */ = {isa = PBXBuildFile; fileRef = B17E0EEA23E4472E00347FC6 /* AppDelegate.swift */; };
		B17E0EED23E4472E00347FC6 /* SceneDelegate.swift in Sources */ = {isa = PBXBuildFile; fileRef = B17E0EEC23E4472E00347FC6 /* SceneDelegate.swift */; };
		B17E0EEF23E4472E00347FC6 /* CategoryTableVC.swift in Sources */ = {isa = PBXBuildFile; fileRef = B17E0EEE23E4472E00347FC6 /* CategoryTableVC.swift */; };
		B17E0EF223E4472E00347FC6 /* Main.storyboard in Resources */ = {isa = PBXBuildFile; fileRef = B17E0EF023E4472E00347FC6 /* Main.storyboard */; };
		B17E0EF423E4473100347FC6 /* Assets.xcassets in Resources */ = {isa = PBXBuildFile; fileRef = B17E0EF323E4473100347FC6 /* Assets.xcassets */; };
		B17E0EF723E4473100347FC6 /* LaunchScreen.storyboard in Resources */ = {isa = PBXBuildFile; fileRef = B17E0EF523E4473100347FC6 /* LaunchScreen.storyboard */; };
		B17E0EFF23E4496400347FC6 /* DataModel.swift in Sources */ = {isa = PBXBuildFile; fileRef = B17E0EFE23E4496400347FC6 /* DataModel.swift */; };
		B17E0F0323E44D4700347FC6 /* CategoryCell.swift in Sources */ = {isa = PBXBuildFile; fileRef = B17E0F0223E44D4700347FC6 /* CategoryCell.swift */; };
		B17E0F0723E479FA00347FC6 /* SubCategoryTableVC.swift in Sources */ = {isa = PBXBuildFile; fileRef = B17E0F0623E479FA00347FC6 /* SubCategoryTableVC.swift */; };
		B17E0F0923E47B3400347FC6 /* SubCategoryCell.swift in Sources */ = {isa = PBXBuildFile; fileRef = B17E0F0823E47B3400347FC6 /* SubCategoryCell.swift */; };
		B1E7C196240BF61300E326C7 /* Extensions.swift in Sources */ = {isa = PBXBuildFile; fileRef = B1E7C195240BF61300E326C7 /* Extensions.swift */; };
		B1F218E223E5D4DD002A2C23 /* ProductVC.swift in Sources */ = {isa = PBXBuildFile; fileRef = B1F218E123E5D4DD002A2C23 /* ProductVC.swift */; };
		B1F218E623E5D5FB002A2C23 /* ProductCell.swift in Sources */ = {isa = PBXBuildFile; fileRef = B1F218E523E5D5FB002A2C23 /* ProductCell.swift */; };
/* End PBXBuildFile section */

/* Begin PBXCopyFilesBuildPhase section */
		B139629223F57C7200CE6280 /* Embed Frameworks */ = {
			isa = PBXCopyFilesBuildPhase;
			buildActionMask = 2147483647;
			dstPath = "";
			dstSubfolderSpec = 10;
			files = (
				B139629123F57C7200CE6280 /* Pods_BS_Shop.framework in Embed Frameworks */,
			);
			name = "Embed Frameworks";
			runOnlyForDeploymentPostprocessing = 0;
		};
/* End PBXCopyFilesBuildPhase section */

/* Begin PBXFileReference section */
		451A6CFECD06A14F0E7A3270 /* Pods_BS_Shop.framework */ = {isa = PBXFileReference; explicitFileType = wrapper.framework; includeInIndex = 0; path = Pods_BS_Shop.framework; sourceTree = BUILT_PRODUCTS_DIR; };
		726B9A648687C68162BA7C32 /* Pods-BS_Shop.debug.xcconfig */ = {isa = PBXFileReference; includeInIndex = 1; lastKnownFileType = text.xcconfig; name = "Pods-BS_Shop.debug.xcconfig"; path = "Target Support Files/Pods-BS_Shop/Pods-BS_Shop.debug.xcconfig"; sourceTree = "<group>"; };
		B104FECC23F2993B00CA4C36 /* SizeVC.swift */ = {isa = PBXFileReference; lastKnownFileType = sourcecode.swift; path = SizeVC.swift; sourceTree = "<group>"; };
		B104FECE23F2995B00CA4C36 /* SizeTableVCell.swift */ = {isa = PBXFileReference; lastKnownFileType = sourcecode.swift; path = SizeTableVCell.swift; sourceTree = "<group>"; };
		B139628E23F560DC00CE6280 /* CartData.swift */ = {isa = PBXFileReference; lastKnownFileType = sourcecode.swift; path = CartData.swift; sourceTree = "<group>"; };
		B14BCF9123ED4A6500C5BC32 /* ProductCartVC.swift */ = {isa = PBXFileReference; lastKnownFileType = sourcecode.swift; path = ProductCartVC.swift; sourceTree = "<group>"; };
		B14BCF9323ED4AA100C5BC32 /* ProductCartCell.swift */ = {isa = PBXFileReference; lastKnownFileType = sourcecode.swift; path = ProductCartCell.swift; sourceTree = "<group>"; };
		B151D94E23F5473D002D4441 /* CartTableVCell.swift */ = {isa = PBXFileReference; lastKnownFileType = sourcecode.swift; path = CartTableVCell.swift; sourceTree = "<group>"; };
		B151D95023F54752002D4441 /* CartVC.swift */ = {isa = PBXFileReference; lastKnownFileType = sourcecode.swift; path = CartVC.swift; sourceTree = "<group>"; };
		B160FC6D23E713CA00BC3DEC /* ProductDataModel.swift */ = {isa = PBXFileReference; lastKnownFileType = sourcecode.swift; path = ProductDataModel.swift; sourceTree = "<group>"; };
		B16DF08E23FA718400D14AF7 /* NetworkManager.swift */ = {isa = PBXFileReference; lastKnownFileType = sourcecode.swift; path = NetworkManager.swift; sourceTree = "<group>"; };
		B17E0EE723E4472E00347FC6 /* BS_Shop.app */ = {isa = PBXFileReference; explicitFileType = wrapper.application; includeInIndex = 0; path = BS_Shop.app; sourceTree = BUILT_PRODUCTS_DIR; };
		B17E0EEA23E4472E00347FC6 /* AppDelegate.swift */ = {isa = PBXFileReference; lastKnownFileType = sourcecode.swift; path = AppDelegate.swift; sourceTree = "<group>"; };
		B17E0EEC23E4472E00347FC6 /* SceneDelegate.swift */ = {isa = PBXFileReference; lastKnownFileType = sourcecode.swift; path = SceneDelegate.swift; sourceTree = "<group>"; };
		B17E0EEE23E4472E00347FC6 /* CategoryTableVC.swift */ = {isa = PBXFileReference; lastKnownFileType = sourcecode.swift; path = CategoryTableVC.swift; sourceTree = "<group>"; };
		B17E0EF123E4472E00347FC6 /* Base */ = {isa = PBXFileReference; lastKnownFileType = file.storyboard; name = Base; path = Base.lproj/Main.storyboard; sourceTree = "<group>"; };
		B17E0EF323E4473100347FC6 /* Assets.xcassets */ = {isa = PBXFileReference; lastKnownFileType = folder.assetcatalog; path = Assets.xcassets; sourceTree = "<group>"; };
		B17E0EF623E4473100347FC6 /* Base */ = {isa = PBXFileReference; lastKnownFileType = file.storyboard; name = Base; path = Base.lproj/LaunchScreen.storyboard; sourceTree = "<group>"; };
		B17E0EF823E4473100347FC6 /* Info.plist */ = {isa = PBXFileReference; lastKnownFileType = text.plist.xml; path = Info.plist; sourceTree = "<group>"; };
		B17E0EFE23E4496400347FC6 /* DataModel.swift */ = {isa = PBXFileReference; lastKnownFileType = sourcecode.swift; path = DataModel.swift; sourceTree = "<group>"; };
		B17E0F0223E44D4700347FC6 /* CategoryCell.swift */ = {isa = PBXFileReference; lastKnownFileType = sourcecode.swift; path = CategoryCell.swift; sourceTree = "<group>"; };
		B17E0F0623E479FA00347FC6 /* SubCategoryTableVC.swift */ = {isa = PBXFileReference; lastKnownFileType = sourcecode.swift; path = SubCategoryTableVC.swift; sourceTree = "<group>"; };
		B17E0F0823E47B3400347FC6 /* SubCategoryCell.swift */ = {isa = PBXFileReference; lastKnownFileType = sourcecode.swift; path = SubCategoryCell.swift; sourceTree = "<group>"; };
		B1E7C195240BF61300E326C7 /* Extensions.swift */ = {isa = PBXFileReference; lastKnownFileType = sourcecode.swift; path = Extensions.swift; sourceTree = "<group>"; };
		B1F218E123E5D4DD002A2C23 /* ProductVC.swift */ = {isa = PBXFileReference; lastKnownFileType = sourcecode.swift; path = ProductVC.swift; sourceTree = "<group>"; };
		B1F218E523E5D5FB002A2C23 /* ProductCell.swift */ = {isa = PBXFileReference; lastKnownFileType = sourcecode.swift; path = ProductCell.swift; sourceTree = "<group>"; };
		BA406FFBA16BBF1D977629CC /* Pods-BS_Shop.release.xcconfig */ = {isa = PBXFileReference; includeInIndex = 1; lastKnownFileType = text.xcconfig; name = "Pods-BS_Shop.release.xcconfig"; path = "Target Support Files/Pods-BS_Shop/Pods-BS_Shop.release.xcconfig"; sourceTree = "<group>"; };
		E262BF4E50082CB265CBA979 /* Pods_BS_Shop.framework */ = {isa = PBXFileReference; explicitFileType = wrapper.framework; includeInIndex = 0; path = Pods_BS_Shop.framework; sourceTree = BUILT_PRODUCTS_DIR; };
/* End PBXFileReference section */

/* Begin PBXFrameworksBuildPhase section */
		B17E0EE423E4472E00347FC6 /* Frameworks */ = {
			isa = PBXFrameworksBuildPhase;
			buildActionMask = 2147483647;
			files = (
				6948EB61397976A0798B86B4 /* Pods_BS_Shop.framework in Frameworks */,
			);
			runOnlyForDeploymentPostprocessing = 0;
		};
/* End PBXFrameworksBuildPhase section */

/* Begin PBXGroup section */
		48524BA1257E36637418DFD0 /* Frameworks */ = {
			isa = PBXGroup;
			children = (
				E262BF4E50082CB265CBA979 /* Pods_BS_Shop.framework */,
			);
			name = Frameworks;
			sourceTree = "<group>";
		};
		B104FED023F29B9000CA4C36 /* SizeVC */ = {
			isa = PBXGroup;
			children = (
				B104FECC23F2993B00CA4C36 /* SizeVC.swift */,
				B104FECE23F2995B00CA4C36 /* SizeTableVCell.swift */,
			);
			path = SizeVC;
			sourceTree = "<group>";
		};
		B11CF48523E80795009C7733 /* Model */ = {
			isa = PBXGroup;
			children = (
				B17E0EFE23E4496400347FC6 /* DataModel.swift */,
				B160FC6D23E713CA00BC3DEC /* ProductDataModel.swift */,
			);
			path = Model;
			sourceTree = "<group>";
		};
		B139628D23F55FEC00CE6280 /* Data */ = {
			isa = PBXGroup;
			children = (
				B139628E23F560DC00CE6280 /* CartData.swift */,
			);
			path = Data;
			sourceTree = "<group>";
		};
		B14BCF9023ED4A1400C5BC32 /* ProductCartVC */ = {
			isa = PBXGroup;
			children = (
				B14BCF9123ED4A6500C5BC32 /* ProductCartVC.swift */,
				B14BCF9323ED4AA100C5BC32 /* ProductCartCell.swift */,
				B104FED023F29B9000CA4C36 /* SizeVC */,
			);
			path = ProductCartVC;
			sourceTree = "<group>";
		};
		B151D94D23F54711002D4441 /* CartVC */ = {
			isa = PBXGroup;
			children = (
				B151D95023F54752002D4441 /* CartVC.swift */,
				B151D94E23F5473D002D4441 /* CartTableVCell.swift */,
			);
			path = CartVC;
			sourceTree = "<group>";
		};
		B15A126923F69D9900C37A9D /* Recovered References */ = {
			isa = PBXGroup;
			children = (
				451A6CFECD06A14F0E7A3270 /* Pods_BS_Shop.framework */,
			);
			name = "Recovered References";
			sourceTree = "<group>";
		};
		B17E0EDE23E4472E00347FC6 = {
			isa = PBXGroup;
			children = (
				B17E0EE923E4472E00347FC6 /* BS_Shop */,
				B17E0EE823E4472E00347FC6 /* Products */,
				C0E8AC86D130D586C09E7DE0 /* Pods */,
				48524BA1257E36637418DFD0 /* Frameworks */,
				B15A126923F69D9900C37A9D /* Recovered References */,
			);
			sourceTree = "<group>";
		};
		B17E0EE823E4472E00347FC6 /* Products */ = {
			isa = PBXGroup;
			children = (
				B17E0EE723E4472E00347FC6 /* BS_Shop.app */,
			);
			name = Products;
			sourceTree = "<group>";
		};
		B17E0EE923E4472E00347FC6 /* BS_Shop */ = {
			isa = PBXGroup;
			children = (
				B17E0EEA23E4472E00347FC6 /* AppDelegate.swift */,
				B17E0EEC23E4472E00347FC6 /* SceneDelegate.swift */,
				B16DF08E23FA718400D14AF7 /* NetworkManager.swift */,
				B1E7C195240BF61300E326C7 /* Extensions.swift */,
				B17E0F0023E44CED00347FC6 /* VC */,
				B11CF48523E80795009C7733 /* Model */,
				B139628D23F55FEC00CE6280 /* Data */,
				B17E0EF023E4472E00347FC6 /* Main.storyboard */,
				B17E0EF323E4473100347FC6 /* Assets.xcassets */,
				B17E0EF523E4473100347FC6 /* LaunchScreen.storyboard */,
				B17E0EF823E4473100347FC6 /* Info.plist */,
			);
			path = BS_Shop;
			sourceTree = "<group>";
		};
		B17E0F0023E44CED00347FC6 /* VC */ = {
			isa = PBXGroup;
			children = (
				B17E0F0123E44D0D00347FC6 /* CategoryTableVC */,
				B17E0F0A23E47B3E00347FC6 /* SubCategoryTableVC */,
				B1F218E723E5D6CC002A2C23 /* ProductVC */,
				B14BCF9023ED4A1400C5BC32 /* ProductCartVC */,
				B151D94D23F54711002D4441 /* CartVC */,
			);
			path = VC;
			sourceTree = "<group>";
		};
		B17E0F0123E44D0D00347FC6 /* CategoryTableVC */ = {
			isa = PBXGroup;
			children = (
				B17E0EEE23E4472E00347FC6 /* CategoryTableVC.swift */,
				B17E0F0223E44D4700347FC6 /* CategoryCell.swift */,
			);
			path = CategoryTableVC;
			sourceTree = "<group>";
		};
		B17E0F0A23E47B3E00347FC6 /* SubCategoryTableVC */ = {
			isa = PBXGroup;
			children = (
				B17E0F0623E479FA00347FC6 /* SubCategoryTableVC.swift */,
				B17E0F0823E47B3400347FC6 /* SubCategoryCell.swift */,
			);
			path = SubCategoryTableVC;
			sourceTree = "<group>";
		};
		B1F218E723E5D6CC002A2C23 /* ProductVC */ = {
			isa = PBXGroup;
			children = (
				B1F218E123E5D4DD002A2C23 /* ProductVC.swift */,
				B1F218E523E5D5FB002A2C23 /* ProductCell.swift */,
			);
			path = ProductVC;
			sourceTree = "<group>";
		};
		C0E8AC86D130D586C09E7DE0 /* Pods */ = {
			isa = PBXGroup;
			children = (
				726B9A648687C68162BA7C32 /* Pods-BS_Shop.debug.xcconfig */,
				BA406FFBA16BBF1D977629CC /* Pods-BS_Shop.release.xcconfig */,
			);
			path = Pods;
			sourceTree = "<group>";
		};
/* End PBXGroup section */

/* Begin PBXNativeTarget section */
		B17E0EE623E4472E00347FC6 /* BS_Shop */ = {
			isa = PBXNativeTarget;
			buildConfigurationList = B17E0EFB23E4473100347FC6 /* Build configuration list for PBXNativeTarget "BS_Shop" */;
			buildPhases = (
				1B9947A6DECD043701124673 /* [CP] Check Pods Manifest.lock */,
				B17E0EE323E4472E00347FC6 /* Sources */,
				B17E0EE423E4472E00347FC6 /* Frameworks */,
				B17E0EE523E4472E00347FC6 /* Resources */,
				B139629223F57C7200CE6280 /* Embed Frameworks */,
				2B3115EDFEA7143C517B36FE /* [CP] Embed Pods Frameworks */,
			);
			buildRules = (
			);
			dependencies = (
			);
			name = BS_Shop;
			productName = BS_Shop;
			productReference = B17E0EE723E4472E00347FC6 /* BS_Shop.app */;
			productType = "com.apple.product-type.application";
		};
/* End PBXNativeTarget section */

/* Begin PBXProject section */
		B17E0EDF23E4472E00347FC6 /* Project object */ = {
			isa = PBXProject;
			attributes = {
				LastSwiftUpdateCheck = 1130;
				LastUpgradeCheck = 1130;
				ORGANIZATIONNAME = "Vladimir Udachin";
				TargetAttributes = {
					B17E0EE623E4472E00347FC6 = {
						CreatedOnToolsVersion = 11.3.1;
					};
				};
			};
			buildConfigurationList = B17E0EE223E4472E00347FC6 /* Build configuration list for PBXProject "BS_Shop" */;
			compatibilityVersion = "Xcode 9.3";
			developmentRegion = en;
			hasScannedForEncodings = 0;
			knownRegions = (
				en,
				Base,
			);
			mainGroup = B17E0EDE23E4472E00347FC6;
			productRefGroup = B17E0EE823E4472E00347FC6 /* Products */;
			projectDirPath = "";
			projectRoot = "";
			targets = (
				B17E0EE623E4472E00347FC6 /* BS_Shop */,
			);
		};
/* End PBXProject section */

/* Begin PBXResourcesBuildPhase section */
		B17E0EE523E4472E00347FC6 /* Resources */ = {
			isa = PBXResourcesBuildPhase;
			buildActionMask = 2147483647;
			files = (
				B17E0EF723E4473100347FC6 /* LaunchScreen.storyboard in Resources */,
				B17E0EF423E4473100347FC6 /* Assets.xcassets in Resources */,
				B17E0EF223E4472E00347FC6 /* Main.storyboard in Resources */,
			);
			runOnlyForDeploymentPostprocessing = 0;
		};
/* End PBXResourcesBuildPhase section */

/* Begin PBXShellScriptBuildPhase section */
		1B9947A6DECD043701124673 /* [CP] Check Pods Manifest.lock */ = {
			isa = PBXShellScriptBuildPhase;
			buildActionMask = 2147483647;
			files = (
			);
			inputFileListPaths = (
			);
			inputPaths = (
				"${PODS_PODFILE_DIR_PATH}/Podfile.lock",
				"${PODS_ROOT}/Manifest.lock",
			);
			name = "[CP] Check Pods Manifest.lock";
			outputFileListPaths = (
			);
			outputPaths = (
				"$(DERIVED_FILE_DIR)/Pods-BS_Shop-checkManifestLockResult.txt",
			);
			runOnlyForDeploymentPostprocessing = 0;
			shellPath = /bin/sh;
			shellScript = "diff \"${PODS_PODFILE_DIR_PATH}/Podfile.lock\" \"${PODS_ROOT}/Manifest.lock\" > /dev/null\nif [ $? != 0 ] ; then\n    # print error to STDERR\n    echo \"error: The sandbox is not in sync with the Podfile.lock. Run 'pod install' or update your CocoaPods installation.\" >&2\n    exit 1\nfi\n# This output is used by Xcode 'outputs' to avoid re-running this script phase.\necho \"SUCCESS\" > \"${SCRIPT_OUTPUT_FILE_0}\"\n";
			showEnvVarsInLog = 0;
		};
		2B3115EDFEA7143C517B36FE /* [CP] Embed Pods Frameworks */ = {
			isa = PBXShellScriptBuildPhase;
			buildActionMask = 2147483647;
			files = (
			);
			inputFileListPaths = (
				"${PODS_ROOT}/Target Support Files/Pods-BS_Shop/Pods-BS_Shop-frameworks-${CONFIGURATION}-input-files.xcfilelist",
			);
			name = "[CP] Embed Pods Frameworks";
			outputFileListPaths = (
				"${PODS_ROOT}/Target Support Files/Pods-BS_Shop/Pods-BS_Shop-frameworks-${CONFIGURATION}-output-files.xcfilelist",
			);
			runOnlyForDeploymentPostprocessing = 0;
			shellPath = /bin/sh;
			shellScript = "\"${PODS_ROOT}/Target Support Files/Pods-BS_Shop/Pods-BS_Shop-frameworks.sh\"\n";
			showEnvVarsInLog = 0;
		};
/* End PBXShellScriptBuildPhase section */

/* Begin PBXSourcesBuildPhase section */
		B17E0EE323E4472E00347FC6 /* Sources */ = {
			isa = PBXSourcesBuildPhase;
			buildActionMask = 2147483647;
			files = (
				B16DF08F23FA718400D14AF7 /* NetworkManager.swift in Sources */,
				B17E0F0723E479FA00347FC6 /* SubCategoryTableVC.swift in Sources */,
				B160FC6E23E713CA00BC3DEC /* ProductDataModel.swift in Sources */,
				B17E0F0923E47B3400347FC6 /* SubCategoryCell.swift in Sources */,
				B139628F23F560DC00CE6280 /* CartData.swift in Sources */,
				B1F218E223E5D4DD002A2C23 /* ProductVC.swift in Sources */,
				B17E0EEF23E4472E00347FC6 /* CategoryTableVC.swift in Sources */,
				B1E7C196240BF61300E326C7 /* Extensions.swift in Sources */,
				B14BCF9223ED4A6500C5BC32 /* ProductCartVC.swift in Sources */,
				B17E0EEB23E4472E00347FC6 /* AppDelegate.swift in Sources */,
				B14BCF9423ED4AA100C5BC32 /* ProductCartCell.swift in Sources */,
				B151D94F23F5473D002D4441 /* CartTableVCell.swift in Sources */,
				B104FECF23F2995B00CA4C36 /* SizeTableVCell.swift in Sources */,
				B151D95123F54752002D4441 /* CartVC.swift in Sources */,
				B17E0EED23E4472E00347FC6 /* SceneDelegate.swift in Sources */,
				B104FECD23F2993B00CA4C36 /* SizeVC.swift in Sources */,
				B1F218E623E5D5FB002A2C23 /* ProductCell.swift in Sources */,
				B17E0EFF23E4496400347FC6 /* DataModel.swift in Sources */,
				B17E0F0323E44D4700347FC6 /* CategoryCell.swift in Sources */,
			);
			runOnlyForDeploymentPostprocessing = 0;
		};
/* End PBXSourcesBuildPhase section */

/* Begin PBXVariantGroup section */
		B17E0EF023E4472E00347FC6 /* Main.storyboard */ = {
			isa = PBXVariantGroup;
			children = (
				B17E0EF123E4472E00347FC6 /* Base */,
			);
			name = Main.storyboard;
			sourceTree = "<group>";
		};
		B17E0EF523E4473100347FC6 /* LaunchScreen.storyboard */ = {
			isa = PBXVariantGroup;
			children = (
				B17E0EF623E4473100347FC6 /* Base */,
			);
			name = LaunchScreen.storyboard;
			sourceTree = "<group>";
		};
/* End PBXVariantGroup section */

/* Begin XCBuildConfiguration section */
		B17E0EF923E4473100347FC6 /* Debug */ = {
			isa = XCBuildConfiguration;
			buildSettings = {
				ALWAYS_SEARCH_USER_PATHS = NO;
				CLANG_ANALYZER_NONNULL = YES;
				CLANG_ANALYZER_NUMBER_OBJECT_CONVERSION = YES_AGGRESSIVE;
				CLANG_CXX_LANGUAGE_STANDARD = "gnu++14";
				CLANG_CXX_LIBRARY = "libc++";
				CLANG_ENABLE_MODULES = YES;
				CLANG_ENABLE_OBJC_ARC = YES;
				CLANG_ENABLE_OBJC_WEAK = YES;
				CLANG_WARN_BLOCK_CAPTURE_AUTORELEASING = YES;
				CLANG_WARN_BOOL_CONVERSION = YES;
				CLANG_WARN_COMMA = YES;
				CLANG_WARN_CONSTANT_CONVERSION = YES;
				CLANG_WARN_DEPRECATED_OBJC_IMPLEMENTATIONS = YES;
				CLANG_WARN_DIRECT_OBJC_ISA_USAGE = YES_ERROR;
				CLANG_WARN_DOCUMENTATION_COMMENTS = YES;
				CLANG_WARN_EMPTY_BODY = YES;
				CLANG_WARN_ENUM_CONVERSION = YES;
				CLANG_WARN_INFINITE_RECURSION = YES;
				CLANG_WARN_INT_CONVERSION = YES;
				CLANG_WARN_NON_LITERAL_NULL_CONVERSION = YES;
				CLANG_WARN_OBJC_IMPLICIT_RETAIN_SELF = YES;
				CLANG_WARN_OBJC_LITERAL_CONVERSION = YES;
				CLANG_WARN_OBJC_ROOT_CLASS = YES_ERROR;
				CLANG_WARN_RANGE_LOOP_ANALYSIS = YES;
				CLANG_WARN_STRICT_PROTOTYPES = YES;
				CLANG_WARN_SUSPICIOUS_MOVE = YES;
				CLANG_WARN_UNGUARDED_AVAILABILITY = YES_AGGRESSIVE;
				CLANG_WARN_UNREACHABLE_CODE = YES;
				CLANG_WARN__DUPLICATE_METHOD_MATCH = YES;
				COPY_PHASE_STRIP = NO;
				DEBUG_INFORMATION_FORMAT = dwarf;
				ENABLE_STRICT_OBJC_MSGSEND = YES;
				ENABLE_TESTABILITY = YES;
				GCC_C_LANGUAGE_STANDARD = gnu11;
				GCC_DYNAMIC_NO_PIC = NO;
				GCC_NO_COMMON_BLOCKS = YES;
				GCC_OPTIMIZATION_LEVEL = 0;
				GCC_PREPROCESSOR_DEFINITIONS = (
					"DEBUG=1",
					"$(inherited)",
				);
				GCC_WARN_64_TO_32_BIT_CONVERSION = YES;
				GCC_WARN_ABOUT_RETURN_TYPE = YES_ERROR;
				GCC_WARN_UNDECLARED_SELECTOR = YES;
				GCC_WARN_UNINITIALIZED_AUTOS = YES_AGGRESSIVE;
				GCC_WARN_UNUSED_FUNCTION = YES;
				GCC_WARN_UNUSED_VARIABLE = YES;
				IPHONEOS_DEPLOYMENT_TARGET = 13.2;
				MTL_ENABLE_DEBUG_INFO = INCLUDE_SOURCE;
				MTL_FAST_MATH = YES;
				ONLY_ACTIVE_ARCH = YES;
				SDKROOT = iphoneos;
				SWIFT_ACTIVE_COMPILATION_CONDITIONS = DEBUG;
				SWIFT_OPTIMIZATION_LEVEL = "-Onone";
			};
			name = Debug;
		};
		B17E0EFA23E4473100347FC6 /* Release */ = {
			isa = XCBuildConfiguration;
			buildSettings = {
				ALWAYS_SEARCH_USER_PATHS = NO;
				CLANG_ANALYZER_NONNULL = YES;
				CLANG_ANALYZER_NUMBER_OBJECT_CONVERSION = YES_AGGRESSIVE;
				CLANG_CXX_LANGUAGE_STANDARD = "gnu++14";
				CLANG_CXX_LIBRARY = "libc++";
				CLANG_ENABLE_MODULES = YES;
				CLANG_ENABLE_OBJC_ARC = YES;
				CLANG_ENABLE_OBJC_WEAK = YES;
				CLANG_WARN_BLOCK_CAPTURE_AUTORELEASING = YES;
				CLANG_WARN_BOOL_CONVERSION = YES;
				CLANG_WARN_COMMA = YES;
				CLANG_WARN_CONSTANT_CONVERSION = YES;
				CLANG_WARN_DEPRECATED_OBJC_IMPLEMENTATIONS = YES;
				CLANG_WARN_DIRECT_OBJC_ISA_USAGE = YES_ERROR;
				CLANG_WARN_DOCUMENTATION_COMMENTS = YES;
				CLANG_WARN_EMPTY_BODY = YES;
				CLANG_WARN_ENUM_CONVERSION = YES;
				CLANG_WARN_INFINITE_RECURSION = YES;
				CLANG_WARN_INT_CONVERSION = YES;
				CLANG_WARN_NON_LITERAL_NULL_CONVERSION = YES;
				CLANG_WARN_OBJC_IMPLICIT_RETAIN_SELF = YES;
				CLANG_WARN_OBJC_LITERAL_CONVERSION = YES;
				CLANG_WARN_OBJC_ROOT_CLASS = YES_ERROR;
				CLANG_WARN_RANGE_LOOP_ANALYSIS = YES;
				CLANG_WARN_STRICT_PROTOTYPES = YES;
				CLANG_WARN_SUSPICIOUS_MOVE = YES;
				CLANG_WARN_UNGUARDED_AVAILABILITY = YES_AGGRESSIVE;
				CLANG_WARN_UNREACHABLE_CODE = YES;
				CLANG_WARN__DUPLICATE_METHOD_MATCH = YES;
				COPY_PHASE_STRIP = NO;
				DEBUG_INFORMATION_FORMAT = "dwarf-with-dsym";
				ENABLE_NS_ASSERTIONS = NO;
				ENABLE_STRICT_OBJC_MSGSEND = YES;
				GCC_C_LANGUAGE_STANDARD = gnu11;
				GCC_NO_COMMON_BLOCKS = YES;
				GCC_WARN_64_TO_32_BIT_CONVERSION = YES;
				GCC_WARN_ABOUT_RETURN_TYPE = YES_ERROR;
				GCC_WARN_UNDECLARED_SELECTOR = YES;
				GCC_WARN_UNINITIALIZED_AUTOS = YES_AGGRESSIVE;
				GCC_WARN_UNUSED_FUNCTION = YES;
				GCC_WARN_UNUSED_VARIABLE = YES;
				IPHONEOS_DEPLOYMENT_TARGET = 13.2;
				MTL_ENABLE_DEBUG_INFO = NO;
				MTL_FAST_MATH = YES;
				SDKROOT = iphoneos;
				SWIFT_COMPILATION_MODE = wholemodule;
				SWIFT_OPTIMIZATION_LEVEL = "-O";
				VALIDATE_PRODUCT = YES;
			};
			name = Release;
		};
		B17E0EFC23E4473100347FC6 /* Debug */ = {
			isa = XCBuildConfiguration;
			baseConfigurationReference = 726B9A648687C68162BA7C32 /* Pods-BS_Shop.debug.xcconfig */;
			buildSettings = {
				ASSETCATALOG_COMPILER_APPICON_NAME = AppIcon;
				CODE_SIGN_STYLE = Automatic;
				DEVELOPMENT_TEAM = 5C5R3P6NHR;
				INFOPLIST_FILE = BS_Shop/Info.plist;
				LD_RUNPATH_SEARCH_PATHS = (
					"$(inherited)",
					"@executable_path/Frameworks",
				);
				PRODUCT_BUNDLE_IDENTIFIER = "Vladimir-Udachin.BS-Shop";
				PRODUCT_NAME = "$(TARGET_NAME)";
				SWIFT_VERSION = 5.0;
				TARGETED_DEVICE_FAMILY = "1,2";
			};
			name = Debug;
		};
		B17E0EFD23E4473100347FC6 /* Release */ = {
			isa = XCBuildConfiguration;
			baseConfigurationReference = BA406FFBA16BBF1D977629CC /* Pods-BS_Shop.release.xcconfig */;
			buildSettings = {
				ASSETCATALOG_COMPILER_APPICON_NAME = AppIcon;
				CODE_SIGN_STYLE = Automatic;
				DEVELOPMENT_TEAM = 5C5R3P6NHR;
				INFOPLIST_FILE = BS_Shop/Info.plist;
				LD_RUNPATH_SEARCH_PATHS = (
					"$(inherited)",
					"@executable_path/Frameworks",
				);
				PRODUCT_BUNDLE_IDENTIFIER = "Vladimir-Udachin.BS-Shop";
				PRODUCT_NAME = "$(TARGET_NAME)";
				SWIFT_VERSION = 5.0;
				TARGETED_DEVICE_FAMILY = "1,2";
			};
			name = Release;
		};
/* End XCBuildConfiguration section */

/* Begin XCConfigurationList section */
		B17E0EE223E4472E00347FC6 /* Build configuration list for PBXProject "BS_Shop" */ = {
			isa = XCConfigurationList;
			buildConfigurations = (
				B17E0EF923E4473100347FC6 /* Debug */,
				B17E0EFA23E4473100347FC6 /* Release */,
			);
			defaultConfigurationIsVisible = 0;
			defaultConfigurationName = Release;
		};
		B17E0EFB23E4473100347FC6 /* Build configuration list for PBXNativeTarget "BS_Shop" */ = {
			isa = XCConfigurationList;
			buildConfigurations = (
				B17E0EFC23E4473100347FC6 /* Debug */,
				B17E0EFD23E4473100347FC6 /* Release */,
			);
			defaultConfigurationIsVisible = 0;
			defaultConfigurationName = Release;
		};
/* End XCConfigurationList section */
	};
	rootObject = B17E0EDF23E4472E00347FC6 /* Project object */;
}
